hash: f27618b3cf45ae3e1f21b4d15ce2660e7424572d47b0b419d5eb015f31d3ded2
updated: 2017-12-14T16:08:30.083817418Z
imports:
- name: github.com/gin-contrib/sse
  version: 22d885f9ecc78bf4ee5d72b937e4bbcdc58e8cae
- name: github.com/gin-gonic/gin
  version: 76ad15ab32d000115cb7622a8317d7425dfc039c
  subpackages:
  - binding
  - json
  - render
- name: github.com/golang/protobuf
  version: 1643683e1b54a9e88ad26d98f81400c8c9d9f4f9
  subpackages:
  - proto
- name: github.com/json-iterator/go
  version: b1b003864e6d16e27a543216770f74dda086fbb9
- name: github.com/mattn/go-isatty
  version: 57fdcb988a5c543893cc61bce354a6e24ab70022
- name: github.com/ReconfigureIO/crypto
  version: b049ae1e9ced35c51587f3af3f3fa66bff3c3739
  subpackages:
  - md5
  - md5/host
- name: github.com/ReconfigureIO/sdaccel
  version: e93e5713d49cc1354dcd1d35cfaef85ba151e0a3
  subpackages:
  - axi/memory
  - axi/protocol
  - xcl
- name: github.com/ugorji/go
  version: 00a57e09e383d445aeef6c6cd642969dc4360231
  subpackages:
  - codec
- name: golang.org/x/sys
  version: f3918c30c5c2cb527c0b071a27c35120a6c0719a
  subpackages:
  - unix
- name: gopkg.in/go-playground/validator.v8
  version: 5f1438d3fca68893a817e4a66806cea46a9e4ebf
- name: gopkg.in/yaml.v2
  version: cd8b52f8269e0feb286dfeef29f8fe4d5b397e0b
testImports: []
